// !$*UTF8*$!
{
	archiveVersion = 1;
	classes = {
	};
	objectVersion = 46;
	objects = {

/* Begin PBXBuildFile section */
		200F7A19DED95DC433F64174 /* Pods_uSparrow.framework in Frameworks */ = {isa = PBXBuildFile; fileRef = 844C76F9797BC81B0462D728 /* Pods_uSparrow.framework */; };
		BA473D571D9D63BE0076276D /* SparrowPhotoCropView.swift in Sources */ = {isa = PBXBuildFile; fileRef = BA473D561D9D63BE0076276D /* SparrowPhotoCropView.swift */; };
		BA473D5B1D9D7C480076276D /* CMTime+DurationString.swift in Sources */ = {isa = PBXBuildFile; fileRef = BA473D5A1D9D7C480076276D /* CMTime+DurationString.swift */; };
		BA473D5D1D9D91AC0076276D /* UIImage+GIF.swift in Sources */ = {isa = PBXBuildFile; fileRef = BA473D5C1D9D91AC0076276D /* UIImage+GIF.swift */; };
		BA473D661D9E4CF30076276D /* SparrowGifViewController.swift in Sources */ = {isa = PBXBuildFile; fileRef = BA473D651D9E4CF30076276D /* SparrowGifViewController.swift */; };
		BA473D681D9E4DA20076276D /* SparrowGifPageViewController.swift in Sources */ = {isa = PBXBuildFile; fileRef = BA473D671D9E4DA20076276D /* SparrowGifPageViewController.swift */; };
		BA71FE751D9BE6A400CD0E5A /* AppDelegate.swift in Sources */ = {isa = PBXBuildFile; fileRef = BA71FE741D9BE6A400CD0E5A /* AppDelegate.swift */; };
		BA71FE7A1D9BE6A400CD0E5A /* Main.storyboard in Resources */ = {isa = PBXBuildFile; fileRef = BA71FE781D9BE6A400CD0E5A /* Main.storyboard */; };
		BA71FE7C1D9BE6A400CD0E5A /* Assets.xcassets in Resources */ = {isa = PBXBuildFile; fileRef = BA71FE7B1D9BE6A400CD0E5A /* Assets.xcassets */; };
		BA71FE7F1D9BE6A400CD0E5A /* LaunchScreen.storyboard in Resources */ = {isa = PBXBuildFile; fileRef = BA71FE7D1D9BE6A400CD0E5A /* LaunchScreen.storyboard */; };
		BA71FEA21D9BF4E000CD0E5A /* GCDWebServer.m in Sources */ = {isa = PBXBuildFile; fileRef = BA71FE971D9BF4DF00CD0E5A /* GCDWebServer.m */; };
		BA71FEA31D9BF4E000CD0E5A /* GCDWebServerConnection.m in Sources */ = {isa = PBXBuildFile; fileRef = BA71FE991D9BF4DF00CD0E5A /* GCDWebServerConnection.m */; };
		BA71FEA41D9BF4E000CD0E5A /* GCDWebServerFunctions.m in Sources */ = {isa = PBXBuildFile; fileRef = BA71FE9B1D9BF4DF00CD0E5A /* GCDWebServerFunctions.m */; };
		BA71FEA51D9BF4E000CD0E5A /* GCDWebServerRequest.m in Sources */ = {isa = PBXBuildFile; fileRef = BA71FE9F1D9BF4DF00CD0E5A /* GCDWebServerRequest.m */; };
		BA71FEA61D9BF4E000CD0E5A /* GCDWebServerResponse.m in Sources */ = {isa = PBXBuildFile; fileRef = BA71FEA11D9BF4DF00CD0E5A /* GCDWebServerResponse.m */; };
		BA71FEAF1D9BF4E900CD0E5A /* GCDWebServerDataRequest.m in Sources */ = {isa = PBXBuildFile; fileRef = BA71FEA81D9BF4E900CD0E5A /* GCDWebServerDataRequest.m */; };
		BA71FEB01D9BF4E900CD0E5A /* GCDWebServerFileRequest.m in Sources */ = {isa = PBXBuildFile; fileRef = BA71FEAA1D9BF4E900CD0E5A /* GCDWebServerFileRequest.m */; };
		BA71FEB11D9BF4E900CD0E5A /* GCDWebServerMultiPartFormRequest.m in Sources */ = {isa = PBXBuildFile; fileRef = BA71FEAC1D9BF4E900CD0E5A /* GCDWebServerMultiPartFormRequest.m */; };
		BA71FEB21D9BF4E900CD0E5A /* GCDWebServerURLEncodedFormRequest.m in Sources */ = {isa = PBXBuildFile; fileRef = BA71FEAE1D9BF4E900CD0E5A /* GCDWebServerURLEncodedFormRequest.m */; };
		BA71FEBB1D9BF4F000CD0E5A /* GCDWebServerDataResponse.m in Sources */ = {isa = PBXBuildFile; fileRef = BA71FEB41D9BF4F000CD0E5A /* GCDWebServerDataResponse.m */; };
		BA71FEBC1D9BF4F000CD0E5A /* GCDWebServerErrorResponse.m in Sources */ = {isa = PBXBuildFile; fileRef = BA71FEB61D9BF4F000CD0E5A /* GCDWebServerErrorResponse.m */; };
		BA71FEBD1D9BF4F000CD0E5A /* GCDWebServerFileResponse.m in Sources */ = {isa = PBXBuildFile; fileRef = BA71FEB81D9BF4F000CD0E5A /* GCDWebServerFileResponse.m */; };
		BA71FEBE1D9BF4F000CD0E5A /* GCDWebServerStreamedResponse.m in Sources */ = {isa = PBXBuildFile; fileRef = BA71FEBA1D9BF4F000CD0E5A /* GCDWebServerStreamedResponse.m */; };
		BA71FECA1D9BF71B00CD0E5A /* libxml2.tbd in Frameworks */ = {isa = PBXBuildFile; fileRef = BA71FEC91D9BF71B00CD0E5A /* libxml2.tbd */; };
		BA71FECC1D9BF96E00CD0E5A /* libz.tbd in Frameworks */ = {isa = PBXBuildFile; fileRef = BA71FECB1D9BF96E00CD0E5A /* libz.tbd */; };
		BA71FED21D9C086200CD0E5A /* Constants.swift in Sources */ = {isa = PBXBuildFile; fileRef = BA71FED11D9C086200CD0E5A /* Constants.swift */; };
		BA71FED81D9C08D600CD0E5A /* SparrowsViewController.swift in Sources */ = {isa = PBXBuildFile; fileRef = BA71FED71D9C08D600CD0E5A /* SparrowsViewController.swift */; };
		BA71FEDA1D9C0CF900CD0E5A /* SparrowCell.swift in Sources */ = {isa = PBXBuildFile; fileRef = BA71FED91D9C0CF900CD0E5A /* SparrowCell.swift */; };
		BA71FEDF1D9C0FC100CD0E5A /* UploadViewController.swift in Sources */ = {isa = PBXBuildFile; fileRef = BA71FEDE1D9C0FC100CD0E5A /* UploadViewController.swift */; };
		BA71FEE81D9C40CD00CD0E5A /* GCDWebDAVServer.m in Sources */ = {isa = PBXBuildFile; fileRef = BA71FEE71D9C40CD00CD0E5A /* GCDWebDAVServer.m */; };
		BA89E2EB1D9C49D600ECCF6A /* GCDWebUploader.bundle in Resources */ = {isa = PBXBuildFile; fileRef = BA89E2E81D9C49D600ECCF6A /* GCDWebUploader.bundle */; };
		BA89E2EC1D9C49D600ECCF6A /* GCDWebUploader.m in Sources */ = {isa = PBXBuildFile; fileRef = BA89E2EA1D9C49D600ECCF6A /* GCDWebUploader.m */; };
		BA89E2F11D9CEDE800ECCF6A /* SparrowModel.swift in Sources */ = {isa = PBXBuildFile; fileRef = BA89E2F01D9CEDE800ECCF6A /* SparrowModel.swift */; };
		BA89E2F61D9D068600ECCF6A /* SparrowsHeaderView.swift in Sources */ = {isa = PBXBuildFile; fileRef = BA89E2F51D9D068600ECCF6A /* SparrowsHeaderView.swift */; };
		BA89E2FF1D9D58D400ECCF6A /* SparrowsDetailViewController.swift in Sources */ = {isa = PBXBuildFile; fileRef = BA89E2FE1D9D58D400ECCF6A /* SparrowsDetailViewController.swift */; };
		BA89E3011D9D594A00ECCF6A /* ThumbnailCell.swift in Sources */ = {isa = PBXBuildFile; fileRef = BA89E3001D9D594A00ECCF6A /* ThumbnailCell.swift */; };
		BA89E3041D9D5CE800ECCF6A /* UIColor+Hex.swift in Sources */ = {isa = PBXBuildFile; fileRef = BA89E3031D9D5CE800ECCF6A /* UIColor+Hex.swift */; };
/* End PBXBuildFile section */

/* Begin PBXFileReference section */
		3BE7006FF242F8F4CE0DECC9 /* Pods-uSparrow.debug.xcconfig */ = {isa = PBXFileReference; includeInIndex = 1; lastKnownFileType = text.xcconfig; name = "Pods-uSparrow.debug.xcconfig"; path = "Pods/Target Support Files/Pods-uSparrow/Pods-uSparrow.debug.xcconfig"; sourceTree = "<group>"; };
		5A0E804F3E95B6031274F7F6 /* Pods-uSparrow.release.xcconfig */ = {isa = PBXFileReference; includeInIndex = 1; lastKnownFileType = text.xcconfig; name = "Pods-uSparrow.release.xcconfig"; path = "Pods/Target Support Files/Pods-uSparrow/Pods-uSparrow.release.xcconfig"; sourceTree = "<group>"; };
		844C76F9797BC81B0462D728 /* Pods_uSparrow.framework */ = {isa = PBXFileReference; explicitFileType = wrapper.framework; includeInIndex = 0; path = Pods_uSparrow.framework; sourceTree = BUILT_PRODUCTS_DIR; };
		BA473D561D9D63BE0076276D /* SparrowPhotoCropView.swift */ = {isa = PBXFileReference; fileEncoding = 4; lastKnownFileType = sourcecode.swift; name = SparrowPhotoCropView.swift; path = SparrowPhotos/SparrowPhotoCropView.swift; sourceTree = "<group>"; };
		BA473D5A1D9D7C480076276D /* CMTime+DurationString.swift */ = {isa = PBXFileReference; fileEncoding = 4; lastKnownFileType = sourcecode.swift; name = "CMTime+DurationString.swift"; path = "Extensions/CMTime+DurationString.swift"; sourceTree = "<group>"; };
		BA473D5C1D9D91AC0076276D /* UIImage+GIF.swift */ = {isa = PBXFileReference; fileEncoding = 4; lastKnownFileType = sourcecode.swift; name = "UIImage+GIF.swift"; path = "Extensions/UIImage+GIF.swift"; sourceTree = "<group>"; };
		BA473D651D9E4CF30076276D /* SparrowGifViewController.swift */ = {isa = PBXFileReference; fileEncoding = 4; lastKnownFileType = sourcecode.swift; name = SparrowGifViewController.swift; path = SparrowGifDetail/SparrowGifViewController.swift; sourceTree = "<group>"; };
		BA473D671D9E4DA20076276D /* SparrowGifPageViewController.swift */ = {isa = PBXFileReference; fileEncoding = 4; lastKnownFileType = sourcecode.swift; name = SparrowGifPageViewController.swift; path = SparrowGifDetail/SparrowGifPageViewController.swift; sourceTree = "<group>"; };
		BA71FE711D9BE6A400CD0E5A /* uSparrow.app */ = {isa = PBXFileReference; explicitFileType = wrapper.application; includeInIndex = 0; path = uSparrow.app; sourceTree = BUILT_PRODUCTS_DIR; };
		BA71FE741D9BE6A400CD0E5A /* AppDelegate.swift */ = {isa = PBXFileReference; lastKnownFileType = sourcecode.swift; path = AppDelegate.swift; sourceTree = "<group>"; };
		BA71FE791D9BE6A400CD0E5A /* Base */ = {isa = PBXFileReference; lastKnownFileType = file.storyboard; name = Base; path = Base.lproj/Main.storyboard; sourceTree = "<group>"; };
		BA71FE7B1D9BE6A400CD0E5A /* Assets.xcassets */ = {isa = PBXFileReference; lastKnownFileType = folder.assetcatalog; path = Assets.xcassets; sourceTree = "<group>"; };
		BA71FE7E1D9BE6A400CD0E5A /* Base */ = {isa = PBXFileReference; lastKnownFileType = file.storyboard; name = Base; path = Base.lproj/LaunchScreen.storyboard; sourceTree = "<group>"; };
		BA71FE801D9BE6A400CD0E5A /* Info.plist */ = {isa = PBXFileReference; lastKnownFileType = text.plist.xml; path = Info.plist; sourceTree = "<group>"; };
		BA71FE861D9BED5600CD0E5A /* uSparrow-Bridging-Header.h */ = {isa = PBXFileReference; lastKnownFileType = sourcecode.c.h; path = "uSparrow-Bridging-Header.h"; sourceTree = "<group>"; };
		BA71FE961D9BF4DF00CD0E5A /* GCDWebServer.h */ = {isa = PBXFileReference; fileEncoding = 4; lastKnownFileType = sourcecode.c.h; name = GCDWebServer.h; path = GCDWebServer/Core/GCDWebServer.h; sourceTree = "<group>"; };
		BA71FE971D9BF4DF00CD0E5A /* GCDWebServer.m */ = {isa = PBXFileReference; fileEncoding = 4; lastKnownFileType = sourcecode.c.objc; name = GCDWebServer.m; path = GCDWebServer/Core/GCDWebServer.m; sourceTree = "<group>"; };
		BA71FE981D9BF4DF00CD0E5A /* GCDWebServerConnection.h */ = {isa = PBXFileReference; fileEncoding = 4; lastKnownFileType = sourcecode.c.h; name = GCDWebServerConnection.h; path = GCDWebServer/Core/GCDWebServerConnection.h; sourceTree = "<group>"; };
		BA71FE991D9BF4DF00CD0E5A /* GCDWebServerConnection.m */ = {isa = PBXFileReference; fileEncoding = 4; lastKnownFileType = sourcecode.c.objc; name = GCDWebServerConnection.m; path = GCDWebServer/Core/GCDWebServerConnection.m; sourceTree = "<group>"; };
		BA71FE9A1D9BF4DF00CD0E5A /* GCDWebServerFunctions.h */ = {isa = PBXFileReference; fileEncoding = 4; lastKnownFileType = sourcecode.c.h; name = GCDWebServerFunctions.h; path = GCDWebServer/Core/GCDWebServerFunctions.h; sourceTree = "<group>"; };
		BA71FE9B1D9BF4DF00CD0E5A /* GCDWebServerFunctions.m */ = {isa = PBXFileReference; fileEncoding = 4; lastKnownFileType = sourcecode.c.objc; name = GCDWebServerFunctions.m; path = GCDWebServer/Core/GCDWebServerFunctions.m; sourceTree = "<group>"; };
		BA71FE9C1D9BF4DF00CD0E5A /* GCDWebServerHTTPStatusCodes.h */ = {isa = PBXFileReference; fileEncoding = 4; lastKnownFileType = sourcecode.c.h; name = GCDWebServerHTTPStatusCodes.h; path = GCDWebServer/Core/GCDWebServerHTTPStatusCodes.h; sourceTree = "<group>"; };
		BA71FE9D1D9BF4DF00CD0E5A /* GCDWebServerPrivate.h */ = {isa = PBXFileReference; fileEncoding = 4; lastKnownFileType = sourcecode.c.h; name = GCDWebServerPrivate.h; path = GCDWebServer/Core/GCDWebServerPrivate.h; sourceTree = "<group>"; };
		BA71FE9E1D9BF4DF00CD0E5A /* GCDWebServerRequest.h */ = {isa = PBXFileReference; fileEncoding = 4; lastKnownFileType = sourcecode.c.h; name = GCDWebServerRequest.h; path = GCDWebServer/Core/GCDWebServerRequest.h; sourceTree = "<group>"; };
		BA71FE9F1D9BF4DF00CD0E5A /* GCDWebServerRequest.m */ = {isa = PBXFileReference; fileEncoding = 4; lastKnownFileType = sourcecode.c.objc; name = GCDWebServerRequest.m; path = GCDWebServer/Core/GCDWebServerRequest.m; sourceTree = "<group>"; };
		BA71FEA01D9BF4DF00CD0E5A /* GCDWebServerResponse.h */ = {isa = PBXFileReference; fileEncoding = 4; lastKnownFileType = sourcecode.c.h; name = GCDWebServerResponse.h; path = GCDWebServer/Core/GCDWebServerResponse.h; sourceTree = "<group>"; };
		BA71FEA11D9BF4DF00CD0E5A /* GCDWebServerResponse.m */ = {isa = PBXFileReference; fileEncoding = 4; lastKnownFileType = sourcecode.c.objc; name = GCDWebServerResponse.m; path = GCDWebServer/Core/GCDWebServerResponse.m; sourceTree = "<group>"; };
		BA71FEA71D9BF4E900CD0E5A /* GCDWebServerDataRequest.h */ = {isa = PBXFileReference; fileEncoding = 4; lastKnownFileType = sourcecode.c.h; name = GCDWebServerDataRequest.h; path = GCDWebServer/Requests/GCDWebServerDataRequest.h; sourceTree = "<group>"; };
		BA71FEA81D9BF4E900CD0E5A /* GCDWebServerDataRequest.m */ = {isa = PBXFileReference; fileEncoding = 4; lastKnownFileType = sourcecode.c.objc; name = GCDWebServerDataRequest.m; path = GCDWebServer/Requests/GCDWebServerDataRequest.m; sourceTree = "<group>"; };
		BA71FEA91D9BF4E900CD0E5A /* GCDWebServerFileRequest.h */ = {isa = PBXFileReference; fileEncoding = 4; lastKnownFileType = sourcecode.c.h; name = GCDWebServerFileRequest.h; path = GCDWebServer/Requests/GCDWebServerFileRequest.h; sourceTree = "<group>"; };
		BA71FEAA1D9BF4E900CD0E5A /* GCDWebServerFileRequest.m */ = {isa = PBXFileReference; fileEncoding = 4; lastKnownFileType = sourcecode.c.objc; name = GCDWebServerFileRequest.m; path = GCDWebServer/Requests/GCDWebServerFileRequest.m; sourceTree = "<group>"; };
		BA71FEAB1D9BF4E900CD0E5A /* GCDWebServerMultiPartFormRequest.h */ = {isa = PBXFileReference; fileEncoding = 4; lastKnownFileType = sourcecode.c.h; name = GCDWebServerMultiPartFormRequest.h; path = GCDWebServer/Requests/GCDWebServerMultiPartFormRequest.h; sourceTree = "<group>"; };
		BA71FEAC1D9BF4E900CD0E5A /* GCDWebServerMultiPartFormRequest.m */ = {isa = PBXFileReference; fileEncoding = 4; lastKnownFileType = sourcecode.c.objc; name = GCDWebServerMultiPartFormRequest.m; path = GCDWebServer/Requests/GCDWebServerMultiPartFormRequest.m; sourceTree = "<group>"; };
		BA71FEAD1D9BF4E900CD0E5A /* GCDWebServerURLEncodedFormRequest.h */ = {isa = PBXFileReference; fileEncoding = 4; lastKnownFileType = sourcecode.c.h; name = GCDWebServerURLEncodedFormRequest.h; path = GCDWebServer/Requests/GCDWebServerURLEncodedFormRequest.h; sourceTree = "<group>"; };
		BA71FEAE1D9BF4E900CD0E5A /* GCDWebServerURLEncodedFormRequest.m */ = {isa = PBXFileReference; fileEncoding = 4; lastKnownFileType = sourcecode.c.objc; name = GCDWebServerURLEncodedFormRequest.m; path = GCDWebServer/Requests/GCDWebServerURLEncodedFormRequest.m; sourceTree = "<group>"; };
		BA71FEB31D9BF4F000CD0E5A /* GCDWebServerDataResponse.h */ = {isa = PBXFileReference; fileEncoding = 4; lastKnownFileType = sourcecode.c.h; name = GCDWebServerDataResponse.h; path = GCDWebServer/Responses/GCDWebServerDataResponse.h; sourceTree = "<group>"; };
		BA71FEB41D9BF4F000CD0E5A /* GCDWebServerDataResponse.m */ = {isa = PBXFileReference; fileEncoding = 4; lastKnownFileType = sourcecode.c.objc; name = GCDWebServerDataResponse.m; path = GCDWebServer/Responses/GCDWebServerDataResponse.m; sourceTree = "<group>"; };
		BA71FEB51D9BF4F000CD0E5A /* GCDWebServerErrorResponse.h */ = {isa = PBXFileReference; fileEncoding = 4; lastKnownFileType = sourcecode.c.h; name = GCDWebServerErrorResponse.h; path = GCDWebServer/Responses/GCDWebServerErrorResponse.h; sourceTree = "<group>"; };
		BA71FEB61D9BF4F000CD0E5A /* GCDWebServerErrorResponse.m */ = {isa = PBXFileReference; fileEncoding = 4; lastKnownFileType = sourcecode.c.objc; name = GCDWebServerErrorResponse.m; path = GCDWebServer/Responses/GCDWebServerErrorResponse.m; sourceTree = "<group>"; };
		BA71FEB71D9BF4F000CD0E5A /* GCDWebServerFileResponse.h */ = {isa = PBXFileReference; fileEncoding = 4; lastKnownFileType = sourcecode.c.h; name = GCDWebServerFileResponse.h; path = GCDWebServer/Responses/GCDWebServerFileResponse.h; sourceTree = "<group>"; };
		BA71FEB81D9BF4F000CD0E5A /* GCDWebServerFileResponse.m */ = {isa = PBXFileReference; fileEncoding = 4; lastKnownFileType = sourcecode.c.objc; name = GCDWebServerFileResponse.m; path = GCDWebServer/Responses/GCDWebServerFileResponse.m; sourceTree = "<group>"; };
		BA71FEB91D9BF4F000CD0E5A /* GCDWebServerStreamedResponse.h */ = {isa = PBXFileReference; fileEncoding = 4; lastKnownFileType = sourcecode.c.h; name = GCDWebServerStreamedResponse.h; path = GCDWebServer/Responses/GCDWebServerStreamedResponse.h; sourceTree = "<group>"; };
		BA71FEBA1D9BF4F000CD0E5A /* GCDWebServerStreamedResponse.m */ = {isa = PBXFileReference; fileEncoding = 4; lastKnownFileType = sourcecode.c.objc; name = GCDWebServerStreamedResponse.m; path = GCDWebServer/Responses/GCDWebServerStreamedResponse.m; sourceTree = "<group>"; };
		BA71FEC71D9BF70B00CD0E5A /* libxml2.2.tbd */ = {isa = PBXFileReference; lastKnownFileType = "sourcecode.text-based-dylib-definition"; name = libxml2.2.tbd; path = usr/lib/libxml2.2.tbd; sourceTree = SDKROOT; };
		BA71FEC91D9BF71B00CD0E5A /* libxml2.tbd */ = {isa = PBXFileReference; lastKnownFileType = "sourcecode.text-based-dylib-definition"; name = libxml2.tbd; path = usr/lib/libxml2.tbd; sourceTree = SDKROOT; };
		BA71FECB1D9BF96E00CD0E5A /* libz.tbd */ = {isa = PBXFileReference; lastKnownFileType = "sourcecode.text-based-dylib-definition"; name = libz.tbd; path = usr/lib/libz.tbd; sourceTree = SDKROOT; };
		BA71FED11D9C086200CD0E5A /* Constants.swift */ = {isa = PBXFileReference; fileEncoding = 4; lastKnownFileType = sourcecode.swift; name = Constants.swift; path = Units/Constants.swift; sourceTree = "<group>"; };
		BA71FED71D9C08D600CD0E5A /* SparrowsViewController.swift */ = {isa = PBXFileReference; fileEncoding = 4; lastKnownFileType = sourcecode.swift; name = SparrowsViewController.swift; path = Sparrows/SparrowsViewController.swift; sourceTree = "<group>"; };
		BA71FED91D9C0CF900CD0E5A /* SparrowCell.swift */ = {isa = PBXFileReference; fileEncoding = 4; lastKnownFileType = sourcecode.swift; name = SparrowCell.swift; path = Sparrows/SparrowCell.swift; sourceTree = "<group>"; };
		BA71FEDE1D9C0FC100CD0E5A /* UploadViewController.swift */ = {isa = PBXFileReference; fileEncoding = 4; lastKnownFileType = sourcecode.swift; name = UploadViewController.swift; path = Upload/UploadViewController.swift; sourceTree = "<group>"; };
		BA71FEE61D9C40CD00CD0E5A /* GCDWebDAVServer.h */ = {isa = PBXFileReference; fileEncoding = 4; lastKnownFileType = sourcecode.c.h; name = GCDWebDAVServer.h; path = GCDWebServer/GCDWebDAVServer/GCDWebDAVServer.h; sourceTree = "<group>"; };
		BA71FEE71D9C40CD00CD0E5A /* GCDWebDAVServer.m */ = {isa = PBXFileReference; fileEncoding = 4; lastKnownFileType = sourcecode.c.objc; name = GCDWebDAVServer.m; path = GCDWebServer/GCDWebDAVServer/GCDWebDAVServer.m; sourceTree = "<group>"; };
		BA89E2E81D9C49D600ECCF6A /* GCDWebUploader.bundle */ = {isa = PBXFileReference; lastKnownFileType = "wrapper.plug-in"; name = GCDWebUploader.bundle; path = GCDWebServer/GCDWebUploader/GCDWebUploader.bundle; sourceTree = "<group>"; };
		BA89E2E91D9C49D600ECCF6A /* GCDWebUploader.h */ = {isa = PBXFileReference; fileEncoding = 4; lastKnownFileType = sourcecode.c.h; name = GCDWebUploader.h; path = GCDWebServer/GCDWebUploader/GCDWebUploader.h; sourceTree = "<group>"; };
		BA89E2EA1D9C49D600ECCF6A /* GCDWebUploader.m */ = {isa = PBXFileReference; fileEncoding = 4; lastKnownFileType = sourcecode.c.objc; name = GCDWebUploader.m; path = GCDWebServer/GCDWebUploader/GCDWebUploader.m; sourceTree = "<group>"; };
		BA89E2F01D9CEDE800ECCF6A /* SparrowModel.swift */ = {isa = PBXFileReference; fileEncoding = 4; lastKnownFileType = sourcecode.swift; name = SparrowModel.swift; path = SparrowModels/SparrowModel.swift; sourceTree = "<group>"; };
		BA89E2F51D9D068600ECCF6A /* SparrowsHeaderView.swift */ = {isa = PBXFileReference; fileEncoding = 4; lastKnownFileType = sourcecode.swift; name = SparrowsHeaderView.swift; path = Sparrows/SparrowsHeaderView.swift; sourceTree = "<group>"; };
		BA89E2FE1D9D58D400ECCF6A /* SparrowsDetailViewController.swift */ = {isa = PBXFileReference; fileEncoding = 4; lastKnownFileType = sourcecode.swift; name = SparrowsDetailViewController.swift; path = SparrowsDetail/SparrowsDetailViewController.swift; sourceTree = "<group>"; };
		BA89E3001D9D594A00ECCF6A /* ThumbnailCell.swift */ = {isa = PBXFileReference; fileEncoding = 4; lastKnownFileType = sourcecode.swift; name = ThumbnailCell.swift; path = SparrowsDetail/ThumbnailCell.swift; sourceTree = "<group>"; };
		BA89E3031D9D5CE800ECCF6A /* UIColor+Hex.swift */ = {isa = PBXFileReference; fileEncoding = 4; lastKnownFileType = sourcecode.swift; name = "UIColor+Hex.swift"; path = "Extensions/UIColor+Hex.swift"; sourceTree = "<group>"; };
/* End PBXFileReference section */

/* Begin PBXFrameworksBuildPhase section */
		BA71FE6E1D9BE6A400CD0E5A /* Frameworks */ = {
			isa = PBXFrameworksBuildPhase;
			buildActionMask = 2147483647;
			files = (
				BA71FECC1D9BF96E00CD0E5A /* libz.tbd in Frameworks */,
				BA71FECA1D9BF71B00CD0E5A /* libxml2.tbd in Frameworks */,
				200F7A19DED95DC433F64174 /* Pods_uSparrow.framework in Frameworks */,
			);
			runOnlyForDeploymentPostprocessing = 0;
		};
/* End PBXFrameworksBuildPhase section */

/* Begin PBXGroup section */
		52510CBA4C84F0FA63FE582C /* Pods */ = {
			isa = PBXGroup;
			children = (
				3BE7006FF242F8F4CE0DECC9 /* Pods-uSparrow.debug.xcconfig */,
				5A0E804F3E95B6031274F7F6 /* Pods-uSparrow.release.xcconfig */,
			);
			name = Pods;
			sourceTree = "<group>";
		};
		62E3DEC7F303BA7FC6719C66 /* Frameworks */ = {
			isa = PBXGroup;
			children = (
				BA71FECB1D9BF96E00CD0E5A /* libz.tbd */,
				BA71FEC91D9BF71B00CD0E5A /* libxml2.tbd */,
				BA71FEC71D9BF70B00CD0E5A /* libxml2.2.tbd */,
				844C76F9797BC81B0462D728 /* Pods_uSparrow.framework */,
			);
			name = Frameworks;
			sourceTree = "<group>";
		};
		BA473D601D9D9A780076276D /* SparrowGifDetail */ = {
			isa = PBXGroup;
			children = (
				BA473D651D9E4CF30076276D /* SparrowGifViewController.swift */,
				BA473D671D9E4DA20076276D /* SparrowGifPageViewController.swift */,
			);
			name = SparrowGifDetail;
			sourceTree = "<group>";
		};
		BA71FE681D9BE6A400CD0E5A = {
			isa = PBXGroup;
			children = (
				BA71FE731D9BE6A400CD0E5A /* uSparrow */,
				BA71FE721D9BE6A400CD0E5A /* Products */,
				52510CBA4C84F0FA63FE582C /* Pods */,
				62E3DEC7F303BA7FC6719C66 /* Frameworks */,
			);
			sourceTree = "<group>";
		};
		BA71FE721D9BE6A400CD0E5A /* Products */ = {
			isa = PBXGroup;
			children = (
				BA71FE711D9BE6A400CD0E5A /* uSparrow.app */,
			);
			name = Products;
			sourceTree = "<group>";
		};
		BA71FE731D9BE6A400CD0E5A /* uSparrow */ = {
			isa = PBXGroup;
			children = (
				BA89E3021D9D5CD100ECCF6A /* Extensions */,
				BA71FE901D9BF49400CD0E5A /* GCDWebServer */,
				BA71FECE1D9C07BD00CD0E5A /* Units */,
				BA71FEDB1D9C0E8B00CD0E5A /* WebServer */,
				BA89E2EF1D9CEDCA00ECCF6A /* SparrowModels */,
				BA71FED61D9C08C600CD0E5A /* Sparrows */,
				BA89E2F91D9D560600ECCF6A /* SparrowImageDetail */,
				BA473D601D9D9A780076276D /* SparrowGifDetail */,
				BA71FE741D9BE6A400CD0E5A /* AppDelegate.swift */,
				BA71FE781D9BE6A400CD0E5A /* Main.storyboard */,
				BA71FE7B1D9BE6A400CD0E5A /* Assets.xcassets */,
				BA71FE7D1D9BE6A400CD0E5A /* LaunchScreen.storyboard */,
				BA71FE801D9BE6A400CD0E5A /* Info.plist */,
				BA71FE861D9BED5600CD0E5A /* uSparrow-Bridging-Header.h */,
			);
			path = uSparrow;
			sourceTree = "<group>";
		};
		BA71FE901D9BF49400CD0E5A /* GCDWebServer */ = {
			isa = PBXGroup;
			children = (
				BA71FE921D9BF4A800CD0E5A /* GCDWebUploader */,
				BA71FE911D9BF49E00CD0E5A /* GCDWebDAVServer */,
				BA71FE951D9BF4C100CD0E5A /* Requests */,
				BA71FE941D9BF4BF00CD0E5A /* Responses */,
				BA71FE931D9BF4BA00CD0E5A /* Core */,
			);
			name = GCDWebServer;
			sourceTree = "<group>";
		};
		BA71FE911D9BF49E00CD0E5A /* GCDWebDAVServer */ = {
			isa = PBXGroup;
			children = (
				BA71FEE61D9C40CD00CD0E5A /* GCDWebDAVServer.h */,
				BA71FEE71D9C40CD00CD0E5A /* GCDWebDAVServer.m */,
			);
			name = GCDWebDAVServer;
			sourceTree = "<group>";
		};
		BA71FE921D9BF4A800CD0E5A /* GCDWebUploader */ = {
			isa = PBXGroup;
			children = (
				BA89E2E81D9C49D600ECCF6A /* GCDWebUploader.bundle */,
				BA89E2E91D9C49D600ECCF6A /* GCDWebUploader.h */,
				BA89E2EA1D9C49D600ECCF6A /* GCDWebUploader.m */,
			);
			name = GCDWebUploader;
			sourceTree = "<group>";
		};
		BA71FE931D9BF4BA00CD0E5A /* Core */ = {
			isa = PBXGroup;
			children = (
				BA71FE961D9BF4DF00CD0E5A /* GCDWebServer.h */,
				BA71FE971D9BF4DF00CD0E5A /* GCDWebServer.m */,
				BA71FE981D9BF4DF00CD0E5A /* GCDWebServerConnection.h */,
				BA71FE991D9BF4DF00CD0E5A /* GCDWebServerConnection.m */,
				BA71FE9A1D9BF4DF00CD0E5A /* GCDWebServerFunctions.h */,
				BA71FE9B1D9BF4DF00CD0E5A /* GCDWebServerFunctions.m */,
				BA71FE9C1D9BF4DF00CD0E5A /* GCDWebServerHTTPStatusCodes.h */,
				BA71FE9D1D9BF4DF00CD0E5A /* GCDWebServerPrivate.h */,
				BA71FE9E1D9BF4DF00CD0E5A /* GCDWebServerRequest.h */,
				BA71FE9F1D9BF4DF00CD0E5A /* GCDWebServerRequest.m */,
				BA71FEA01D9BF4DF00CD0E5A /* GCDWebServerResponse.h */,
				BA71FEA11D9BF4DF00CD0E5A /* GCDWebServerResponse.m */,
			);
			name = Core;
			sourceTree = "<group>";
		};
		BA71FE941D9BF4BF00CD0E5A /* Responses */ = {
			isa = PBXGroup;
			children = (
				BA71FEB31D9BF4F000CD0E5A /* GCDWebServerDataResponse.h */,
				BA71FEB41D9BF4F000CD0E5A /* GCDWebServerDataResponse.m */,
				BA71FEB51D9BF4F000CD0E5A /* GCDWebServerErrorResponse.h */,
				BA71FEB61D9BF4F000CD0E5A /* GCDWebServerErrorResponse.m */,
				BA71FEB71D9BF4F000CD0E5A /* GCDWebServerFileResponse.h */,
				BA71FEB81D9BF4F000CD0E5A /* GCDWebServerFileResponse.m */,
				BA71FEB91D9BF4F000CD0E5A /* GCDWebServerStreamedResponse.h */,
				BA71FEBA1D9BF4F000CD0E5A /* GCDWebServerStreamedResponse.m */,
			);
			name = Responses;
			sourceTree = "<group>";
		};
		BA71FE951D9BF4C100CD0E5A /* Requests */ = {
			isa = PBXGroup;
			children = (
				BA71FEA71D9BF4E900CD0E5A /* GCDWebServerDataRequest.h */,
				BA71FEA81D9BF4E900CD0E5A /* GCDWebServerDataRequest.m */,
				BA71FEA91D9BF4E900CD0E5A /* GCDWebServerFileRequest.h */,
				BA71FEAA1D9BF4E900CD0E5A /* GCDWebServerFileRequest.m */,
				BA71FEAB1D9BF4E900CD0E5A /* GCDWebServerMultiPartFormRequest.h */,
				BA71FEAC1D9BF4E900CD0E5A /* GCDWebServerMultiPartFormRequest.m */,
				BA71FEAD1D9BF4E900CD0E5A /* GCDWebServerURLEncodedFormRequest.h */,
				BA71FEAE1D9BF4E900CD0E5A /* GCDWebServerURLEncodedFormRequest.m */,
			);
			name = Requests;
			sourceTree = "<group>";
		};
		BA71FECE1D9C07BD00CD0E5A /* Units */ = {
			isa = PBXGroup;
			children = (
				BA71FED11D9C086200CD0E5A /* Constants.swift */,
			);
			name = Units;
			sourceTree = "<group>";
		};
		BA71FED61D9C08C600CD0E5A /* Sparrows */ = {
			isa = PBXGroup;
			children = (
				BA71FED71D9C08D600CD0E5A /* SparrowsViewController.swift */,
				BA71FED91D9C0CF900CD0E5A /* SparrowCell.swift */,
				BA89E2F51D9D068600ECCF6A /* SparrowsHeaderView.swift */,
			);
			name = Sparrows;
			sourceTree = "<group>";
		};
		BA71FEDB1D9C0E8B00CD0E5A /* WebServer */ = {
			isa = PBXGroup;
			children = (
				BA71FEDE1D9C0FC100CD0E5A /* UploadViewController.swift */,
			);
			name = WebServer;
			sourceTree = "<group>";
		};
		BA89E2EF1D9CEDCA00ECCF6A /* SparrowModels */ = {
			isa = PBXGroup;
			children = (
				BA89E2F01D9CEDE800ECCF6A /* SparrowModel.swift */,
			);
			name = SparrowModels;
			sourceTree = "<group>";
		};
		BA89E2F91D9D560600ECCF6A /* SparrowImageDetail */ = {
			isa = PBXGroup;
			children = (
				BA89E2FE1D9D58D400ECCF6A /* SparrowsDetailViewController.swift */,
				BA89E3001D9D594A00ECCF6A /* ThumbnailCell.swift */,
				BA473D561D9D63BE0076276D /* SparrowPhotoCropView.swift */,
			);
			name = SparrowImageDetail;
			sourceTree = "<group>";
		};
		BA89E3021D9D5CD100ECCF6A /* Extensions */ = {
			isa = PBXGroup;
			children = (
				BA89E3031D9D5CE800ECCF6A /* UIColor+Hex.swift */,
				BA473D5A1D9D7C480076276D /* CMTime+DurationString.swift */,
				BA473D5C1D9D91AC0076276D /* UIImage+GIF.swift */,
			);
			name = Extensions;
			sourceTree = "<group>";
		};
/* End PBXGroup section */

/* Begin PBXNativeTarget section */
		BA71FE701D9BE6A400CD0E5A /* uSparrow */ = {
			isa = PBXNativeTarget;
			buildConfigurationList = BA71FE831D9BE6A400CD0E5A /* Build configuration list for PBXNativeTarget "uSparrow" */;
			buildPhases = (
				83EE79B19C0208F45BD1728B /* [CP] Check Pods Manifest.lock */,
				BA71FE6D1D9BE6A400CD0E5A /* Sources */,
				BA71FE6E1D9BE6A400CD0E5A /* Frameworks */,
				BA71FE6F1D9BE6A400CD0E5A /* Resources */,
				60D144327A44C6B42E1B6508 /* [CP] Embed Pods Frameworks */,
				662844259EF4F9418D25DB75 /* [CP] Copy Pods Resources */,
			);
			buildRules = (
			);
			dependencies = (
			);
			name = uSparrow;
			productName = uSparrow;
			productReference = BA71FE711D9BE6A400CD0E5A /* uSparrow.app */;
			productType = "com.apple.product-type.application";
		};
/* End PBXNativeTarget section */

/* Begin PBXProject section */
		BA71FE691D9BE6A400CD0E5A /* Project object */ = {
			isa = PBXProject;
			attributes = {
				LastSwiftUpdateCheck = 0800;
				LastUpgradeCheck = 0800;
				ORGANIZATIONNAME = TingSpectrum;
				TargetAttributes = {
					BA71FE701D9BE6A400CD0E5A = {
						CreatedOnToolsVersion = 8.0;
						DevelopmentTeam = 9YE7FFAQ8S;
						LastSwiftMigration = 0800;
						ProvisioningStyle = Manual;
					};
				};
			};
			buildConfigurationList = BA71FE6C1D9BE6A400CD0E5A /* Build configuration list for PBXProject "uSparrow" */;
			compatibilityVersion = "Xcode 3.2";
			developmentRegion = English;
			hasScannedForEncodings = 0;
			knownRegions = (
				en,
				Base,
			);
			mainGroup = BA71FE681D9BE6A400CD0E5A;
			productRefGroup = BA71FE721D9BE6A400CD0E5A /* Products */;
			projectDirPath = "";
			projectRoot = "";
			targets = (
				BA71FE701D9BE6A400CD0E5A /* uSparrow */,
			);
		};
/* End PBXProject section */

/* Begin PBXResourcesBuildPhase section */
		BA71FE6F1D9BE6A400CD0E5A /* Resources */ = {
			isa = PBXResourcesBuildPhase;
			buildActionMask = 2147483647;
			files = (
				BA71FE7F1D9BE6A400CD0E5A /* LaunchScreen.storyboard in Resources */,
				BA71FE7C1D9BE6A400CD0E5A /* Assets.xcassets in Resources */,
				BA71FE7A1D9BE6A400CD0E5A /* Main.storyboard in Resources */,
				BA89E2EB1D9C49D600ECCF6A /* GCDWebUploader.bundle in Resources */,
			);
			runOnlyForDeploymentPostprocessing = 0;
		};
/* End PBXResourcesBuildPhase section */

/* Begin PBXShellScriptBuildPhase section */
		60D144327A44C6B42E1B6508 /* [CP] Embed Pods Frameworks */ = {
			isa = PBXShellScriptBuildPhase;
			buildActionMask = 2147483647;
			files = (
			);
			inputPaths = (
			);
			name = "[CP] Embed Pods Frameworks";
			outputPaths = (
			);
			runOnlyForDeploymentPostprocessing = 0;
			shellPath = /bin/sh;
			shellScript = "\"${SRCROOT}/Pods/Target Support Files/Pods-uSparrow/Pods-uSparrow-frameworks.sh\"\n";
			showEnvVarsInLog = 0;
		};
		662844259EF4F9418D25DB75 /* [CP] Copy Pods Resources */ = {
			isa = PBXShellScriptBuildPhase;
			buildActionMask = 2147483647;
			files = (
			);
			inputPaths = (
			);
			name = "[CP] Copy Pods Resources";
			outputPaths = (
			);
			runOnlyForDeploymentPostprocessing = 0;
			shellPath = /bin/sh;
			shellScript = "\"${SRCROOT}/Pods/Target Support Files/Pods-uSparrow/Pods-uSparrow-resources.sh\"\n";
			showEnvVarsInLog = 0;
		};
		83EE79B19C0208F45BD1728B /* [CP] Check Pods Manifest.lock */ = {
			isa = PBXShellScriptBuildPhase;
			buildActionMask = 2147483647;
			files = (
			);
			inputPaths = (
			);
			name = "[CP] Check Pods Manifest.lock";
			outputPaths = (
			);
			runOnlyForDeploymentPostprocessing = 0;
			shellPath = /bin/sh;
			shellScript = "diff \"${PODS_ROOT}/../Podfile.lock\" \"${PODS_ROOT}/Manifest.lock\" > /dev/null\nif [[ $? != 0 ]] ; then\n    cat << EOM\nerror: The sandbox is not in sync with the Podfile.lock. Run 'pod install' or update your CocoaPods installation.\nEOM\n    exit 1\nfi\n";
			showEnvVarsInLog = 0;
		};
/* End PBXShellScriptBuildPhase section */

/* Begin PBXSourcesBuildPhase section */
		BA71FE6D1D9BE6A400CD0E5A /* Sources */ = {
			isa = PBXSourcesBuildPhase;
			buildActionMask = 2147483647;
			files = (
				BA89E2F61D9D068600ECCF6A /* SparrowsHeaderView.swift in Sources */,
				BA71FEA41D9BF4E000CD0E5A /* GCDWebServerFunctions.m in Sources */,
				BA71FEDF1D9C0FC100CD0E5A /* UploadViewController.swift in Sources */,
				BA89E3041D9D5CE800ECCF6A /* UIColor+Hex.swift in Sources */,
				BA71FEAF1D9BF4E900CD0E5A /* GCDWebServerDataRequest.m in Sources */,
				BA89E2F11D9CEDE800ECCF6A /* SparrowModel.swift in Sources */,
				BA71FEBE1D9BF4F000CD0E5A /* GCDWebServerStreamedResponse.m in Sources */,
				BA71FEBD1D9BF4F000CD0E5A /* GCDWebServerFileResponse.m in Sources */,
				BA71FE751D9BE6A400CD0E5A /* AppDelegate.swift in Sources */,
				BA89E3011D9D594A00ECCF6A /* ThumbnailCell.swift in Sources */,
				BA71FEB21D9BF4E900CD0E5A /* GCDWebServerURLEncodedFormRequest.m in Sources */,
				BA71FED81D9C08D600CD0E5A /* SparrowsViewController.swift in Sources */,
				BA71FEA31D9BF4E000CD0E5A /* GCDWebServerConnection.m in Sources */,
				BA71FEB01D9BF4E900CD0E5A /* GCDWebServerFileRequest.m in Sources */,
				BA473D661D9E4CF30076276D /* SparrowGifViewController.swift in Sources */,
				BA89E2FF1D9D58D400ECCF6A /* SparrowsDetailViewController.swift in Sources */,
				BA71FEDA1D9C0CF900CD0E5A /* SparrowCell.swift in Sources */,
				BA71FEE81D9C40CD00CD0E5A /* GCDWebDAVServer.m in Sources */,
				BA71FEA61D9BF4E000CD0E5A /* GCDWebServerResponse.m in Sources */,
				BA473D681D9E4DA20076276D /* SparrowGifPageViewController.swift in Sources */,
				BA71FEA51D9BF4E000CD0E5A /* GCDWebServerRequest.m in Sources */,
				BA71FEBC1D9BF4F000CD0E5A /* GCDWebServerErrorResponse.m in Sources */,
				BA473D5D1D9D91AC0076276D /* UIImage+GIF.swift in Sources */,
				BA71FEBB1D9BF4F000CD0E5A /* GCDWebServerDataResponse.m in Sources */,
				BA71FEA21D9BF4E000CD0E5A /* GCDWebServer.m in Sources */,
				BA473D571D9D63BE0076276D /* SparrowPhotoCropView.swift in Sources */,
				BA71FEB11D9BF4E900CD0E5A /* GCDWebServerMultiPartFormRequest.m in Sources */,
				BA473D5B1D9D7C480076276D /* CMTime+DurationString.swift in Sources */,
				BA71FED21D9C086200CD0E5A /* Constants.swift in Sources */,
				BA89E2EC1D9C49D600ECCF6A /* GCDWebUploader.m in Sources */,
			);
			runOnlyForDeploymentPostprocessing = 0;
		};
/* End PBXSourcesBuildPhase section */

/* Begin PBXVariantGroup section */
		BA71FE781D9BE6A400CD0E5A /* Main.storyboard */ = {
			isa = PBXVariantGroup;
			children = (
				BA71FE791D9BE6A400CD0E5A /* Base */,
			);
			name = Main.storyboard;
			sourceTree = "<group>";
		};
		BA71FE7D1D9BE6A400CD0E5A /* LaunchScreen.storyboard */ = {
			isa = PBXVariantGroup;
			children = (
				BA71FE7E1D9BE6A400CD0E5A /* Base */,
			);
			name = LaunchScreen.storyboard;
			sourceTree = "<group>";
		};
/* End PBXVariantGroup section */

/* Begin XCBuildConfiguration section */
		BA71FE811D9BE6A400CD0E5A /* Debug */ = {
			isa = XCBuildConfiguration;
			buildSettings = {
				ALWAYS_SEARCH_USER_PATHS = NO;
				CLANG_ANALYZER_NONNULL = YES;
				CLANG_CXX_LANGUAGE_STANDARD = "gnu++0x";
				CLANG_CXX_LIBRARY = "libc++";
				CLANG_ENABLE_MODULES = YES;
				CLANG_ENABLE_OBJC_ARC = YES;
				CLANG_WARN_BOOL_CONVERSION = YES;
				CLANG_WARN_CONSTANT_CONVERSION = YES;
				CLANG_WARN_DIRECT_OBJC_ISA_USAGE = YES_ERROR;
				CLANG_WARN_DOCUMENTATION_COMMENTS = YES;
				CLANG_WARN_EMPTY_BODY = YES;
				CLANG_WARN_ENUM_CONVERSION = YES;
				CLANG_WARN_INFINITE_RECURSION = YES;
				CLANG_WARN_INT_CONVERSION = YES;
				CLANG_WARN_OBJC_ROOT_CLASS = YES_ERROR;
				CLANG_WARN_SUSPICIOUS_MOVES = YES;
				CLANG_WARN_UNREACHABLE_CODE = YES;
				CLANG_WARN__DUPLICATE_METHOD_MATCH = YES;
				"CODE_SIGN_IDENTITY[sdk=iphoneos*]" = "iPhone Developer";
				COPY_PHASE_STRIP = NO;
				DEBUG_INFORMATION_FORMAT = dwarf;
				ENABLE_STRICT_OBJC_MSGSEND = YES;
				ENABLE_TESTABILITY = YES;
				GCC_C_LANGUAGE_STANDARD = gnu99;
				GCC_DYNAMIC_NO_PIC = NO;
				GCC_NO_COMMON_BLOCKS = YES;
				GCC_OPTIMIZATION_LEVEL = 0;
				GCC_PREPROCESSOR_DEFINITIONS = (
					"DEBUG=1",
					"$(inherited)",
				);
				GCC_WARN_64_TO_32_BIT_CONVERSION = YES;
				GCC_WARN_ABOUT_RETURN_TYPE = YES_ERROR;
				GCC_WARN_UNDECLARED_SELECTOR = YES;
				GCC_WARN_UNINITIALIZED_AUTOS = YES_AGGRESSIVE;
				GCC_WARN_UNUSED_FUNCTION = YES;
				GCC_WARN_UNUSED_VARIABLE = YES;
				IPHONEOS_DEPLOYMENT_TARGET = 9.0;
				MTL_ENABLE_DEBUG_INFO = YES;
				ONLY_ACTIVE_ARCH = YES;
				SDKROOT = iphoneos;
				SWIFT_ACTIVE_COMPILATION_CONDITIONS = DEBUG;
				SWIFT_OPTIMIZATION_LEVEL = "-Onone";
				TARGETED_DEVICE_FAMILY = "1,2";
			};
			name = Debug;
		};
		BA71FE821D9BE6A400CD0E5A /* Release */ = {
			isa = XCBuildConfiguration;
			buildSettings = {
				ALWAYS_SEARCH_USER_PATHS = NO;
				CLANG_ANALYZER_NONNULL = YES;
				CLANG_CXX_LANGUAGE_STANDARD = "gnu++0x";
				CLANG_CXX_LIBRARY = "libc++";
				CLANG_ENABLE_MODULES = YES;
				CLANG_ENABLE_OBJC_ARC = YES;
				CLANG_WARN_BOOL_CONVERSION = YES;
				CLANG_WARN_CONSTANT_CONVERSION = YES;
				CLANG_WARN_DIRECT_OBJC_ISA_USAGE = YES_ERROR;
				CLANG_WARN_DOCUMENTATION_COMMENTS = YES;
				CLANG_WARN_EMPTY_BODY = YES;
				CLANG_WARN_ENUM_CONVERSION = YES;
				CLANG_WARN_INFINITE_RECURSION = YES;
				CLANG_WARN_INT_CONVERSION = YES;
				CLANG_WARN_OBJC_ROOT_CLASS = YES_ERROR;
				CLANG_WARN_SUSPICIOUS_MOVES = YES;
				CLANG_WARN_UNREACHABLE_CODE = YES;
				CLANG_WARN__DUPLICATE_METHOD_MATCH = YES;
				"CODE_SIGN_IDENTITY[sdk=iphoneos*]" = "iPhone Developer";
				COPY_PHASE_STRIP = NO;
				DEBUG_INFORMATION_FORMAT = "dwarf-with-dsym";
				ENABLE_NS_ASSERTIONS = NO;
				ENABLE_STRICT_OBJC_MSGSEND = YES;
				GCC_C_LANGUAGE_STANDARD = gnu99;
				GCC_NO_COMMON_BLOCKS = YES;
				GCC_WARN_64_TO_32_BIT_CONVERSION = YES;
				GCC_WARN_ABOUT_RETURN_TYPE = YES_ERROR;
				GCC_WARN_UNDECLARED_SELECTOR = YES;
				GCC_WARN_UNINITIALIZED_AUTOS = YES_AGGRESSIVE;
				GCC_WARN_UNUSED_FUNCTION = YES;
				GCC_WARN_UNUSED_VARIABLE = YES;
				IPHONEOS_DEPLOYMENT_TARGET = 9.0;
				MTL_ENABLE_DEBUG_INFO = NO;
				SDKROOT = iphoneos;
				SWIFT_OPTIMIZATION_LEVEL = "-Owholemodule";
				TARGETED_DEVICE_FAMILY = "1,2";
				VALIDATE_PRODUCT = YES;
			};
			name = Release;
		};
		BA71FE841D9BE6A400CD0E5A /* Debug */ = {
			isa = XCBuildConfiguration;
			baseConfigurationReference = 3BE7006FF242F8F4CE0DECC9 /* Pods-uSparrow.debug.xcconfig */;
			buildSettings = {
				ASSETCATALOG_COMPILER_APPICON_NAME = AppIcon;
				CLANG_ENABLE_MODULES = YES;
				COPY_HEADERS_RUN_UNIFDEF = NO;
				DEVELOPMENT_TEAM = 9YE7FFAQ8S;
				HEADER_SEARCH_PATHS = "$(SDKROOT)/usr/include/libxml2";
				INFOPLIST_FILE = uSparrow/Info.plist;
				LD_RUNPATH_SEARCH_PATHS = "$(inherited) @executable_path/Frameworks";
				PRODUCT_BUNDLE_IDENTIFIER = com.fanxin.tingspectrum.uSparrow;
				PRODUCT_NAME = "$(TARGET_NAME)";
				PROVISIONING_PROFILE = "2ee5752c-97d4-4318-8853-c1ee4c20c4ce";
				PROVISIONING_PROFILE_SPECIFIER = uSparrowDev;
				SWIFT_OBJC_BRIDGING_HEADER = "uSparrow/uSparrow-Bridging-Header.h";
				SWIFT_OPTIMIZATION_LEVEL = "-Onone";
				SWIFT_VERSION = 3.0;
			};
			name = Debug;
		};
		BA71FE851D9BE6A400CD0E5A /* Release */ = {
			isa = XCBuildConfiguration;
			baseConfigurationReference = 5A0E804F3E95B6031274F7F6 /* Pods-uSparrow.release.xcconfig */;
			buildSettings = {
				ASSETCATALOG_COMPILER_APPICON_NAME = AppIcon;
				CLANG_ENABLE_MODULES = YES;
				COPY_HEADERS_RUN_UNIFDEF = NO;
				DEVELOPMENT_TEAM = 9YE7FFAQ8S;
				HEADER_SEARCH_PATHS = "$(SDKROOT)/usr/include/libxml2";
				"HEADER_SEARCH_PATHS[arch=*]" = "";
				INFOPLIST_FILE = uSparrow/Info.plist;
				LD_RUNPATH_SEARCH_PATHS = "$(inherited) @executable_path/Frameworks";
				PRODUCT_BUNDLE_IDENTIFIER = com.fanxin.tingspectrum.uSparrow;
				PRODUCT_NAME = "$(TARGET_NAME)";
				PROVISIONING_PROFILE = "2ee5752c-97d4-4318-8853-c1ee4c20c4ce";
				PROVISIONING_PROFILE_SPECIFIER = uSparrowDev;
				SWIFT_OBJC_BRIDGING_HEADER = "uSparrow/uSparrow-Bridging-Header.h";
				SWIFT_VERSION = 3.0;
			};
			name = Release;
		};
/* End XCBuildConfiguration section */

/* Begin XCConfigurationList section */
		BA71FE6C1D9BE6A400CD0E5A /* Build configuration list for PBXProject "uSparrow" */ = {
			isa = XCConfigurationList;
			buildConfigurations = (
				BA71FE811D9BE6A400CD0E5A /* Debug */,
				BA71FE821D9BE6A400CD0E5A /* Release */,
			);
			defaultConfigurationIsVisible = 0;
			defaultConfigurationName = Release;
		};
		BA71FE831D9BE6A400CD0E5A /* Build configuration list for PBXNativeTarget "uSparrow" */ = {
			isa = XCConfigurationList;
			buildConfigurations = (
				BA71FE841D9BE6A400CD0E5A /* Debug */,
				BA71FE851D9BE6A400CD0E5A /* Release */,
			);
			defaultConfigurationIsVisible = 0;
			defaultConfigurationName = Release;
		};
/* End XCConfigurationList section */
	};
	rootObject = BA71FE691D9BE6A400CD0E5A /* Project object */;
}
